<?xml version="1.0" encoding="UTF-8" standalone="yes" ?>
<CodeBlocks_project_file>
	<FileVersion major="1" minor="6" />
	<Project>
		<Option title="hsserver" />
		<Option pch_mode="2" />
		<Option compiler="gcc" />
		<Build>
			<Target title="Debug">
				<Option output="bin/Debug/usserver" prefix_auto="1" extension_auto="1" />
				<Option object_output="obj/Debug/" />
				<Option type="1" />
				<Option compiler="gcc" />
				<Compiler>
					<Add option="-g" />
				</Compiler>
			</Target>
			<Target title="Release">
				<Option output="bin/Release/usserver" prefix_auto="1" extension_auto="1" />
				<Option object_output="obj/Release/" />
				<Option type="1" />
				<Option compiler="gcc" />
				<Compiler>
					<Add option="-O2" />
				</Compiler>
				<Linker>
					<Add option="-s" />
				</Linker>
			</Target>
		</Build>
		<Compiler>
			<Add option="-Wall" />
		</Compiler>
		<Unit filename="Dockerfile" />
		<Unit filename="LICENSE" />
		<Unit filename="Makefile" />
		<Unit filename="README.md" />
		<Unit filename="build_and_compile.bat" />
		<Unit filename="build_and_compile.sh" />
		<Unit filename="compile.sh" />
		<Unit filename="include/camera.h" />
		<Unit filename="include/command_io.h" />
		<Unit filename="include/commands.h" />
		<Unit filename="include/delay.h" />
		<Unit filename="include/device_core.h" />
		<Unit filename="include/devices.h" />
		<Unit filename="include/hsserver.h" />
		<Unit filename="include/inspection.h" />
		<Unit filename="include/logs.h" />
		<Unit filename="src/camera.c">
			<Option compilerVar="CC" />
		</Unit>
		<Unit filename="src/command_io.c">
			<Option compilerVar="CC" />
		</Unit>
		<Unit filename="src/devices.c">
			<Option compilerVar="CC" />
		</Unit>
		<Unit filename="src/hsserver.c">
			<Option compilerVar="CC" />
		</Unit>
		<Unit filename="src/inspection.c">
			<Option compilerVar="CC" />
		</Unit>
		<Unit filename="src/logs.c">
			<Option compilerVar="CC" />
		</Unit>
		<Extensions>
			<code_completion />
			<envvars />
			<debugger />
			<lib_finder disable_auto="1" />
		</Extensions>
	</Project>
</CodeBlocks_project_file>
